# @generated by Move, please check-in and do not edit manually.

[move]
version = 3
manifest_digest = "2B11EBC33705DCF105CA8F57B0F96B61AC67810F414D7C077419E2B0A3D494D4"
deps_digest = "F8BBB0CCB2491CA29A3DF03D6F92277A4F3574266507ACD77214D37ECA3F3082"
dependencies = [
  { id = "Sui", name = "Sui" },
]

[[move.package]]
id = "MoveStdlib"
source = { git = "https://github.com/MystenLabs/sui.git", rev = "framework/testnet", subdir = "crates\\sui-framework\\packages\\move-stdlib" }

[[move.package]]
id = "Sui"
source = { git = "https://github.com/MystenLabs/sui.git", rev = "framework/testnet", subdir = "crates/sui-framework/packages/sui-framework" }

dependencies = [
  { id = "MoveStdlib", name = "MoveStdlib" },
]

[move.toolchain-version]
compiler-version = "1.55.0"
edition = "2024"
flavor = "sui"

[env]

[env.testnet]
chain-id = "4c78adac"
original-published-id = "0x569451806843e74b8ce15ae1e1da0dc4618c07958f9688378952b4c4f34f6adf"
latest-published-id = "0x569451806843e74b8ce15ae1e1da0dc4618c07958f9688378952b4c4f34f6adf"
published-version = "1"
